
Microsoft Visual Studio Solution File, Format Version 12.00
# Visual Studio 15
VisualStudioVersion = 15.0.28307.136
MinimumVisualStudioVersion = 10.0.40219.1
Project("{FAE04EC0-301F-11D3-BF4B-00C04F79EFBC}") = "Event", "Event\Event.csproj", "{568B4A08-6CD0-4684-BAA3-F20E3D1D4AAB}"
EndProject
Project("{FAE04EC0-301F-11D3-BF4B-00C04F79EFBC}") = "Event.Tests", "Event.Tests\Event.Tests.csproj", "{2DE94496-9EA0-430F-B365-313F61B59494}"
EndProject
Project("{2150E333-8FDC-42A3-9474-1A3956D46DE8}") = "Solution Items", "Solution Items", "{1FBB8559-3B93-4C30-BC35-5A721E195C27}"
	ProjectSection(SolutionItems) = preProject
		Readme.md = Readme.md
	EndProjectSection
EndProject
Global
	GlobalSection(SolutionConfigurationPlatforms) = preSolution
		Debug|Any CPU = Debug|Any CPU
		Release|Any CPU = Release|Any CPU
	EndGlobalSection
	GlobalSection(ProjectConfigurationPlatforms) = postSolution
		{568B4A08-6CD0-4684-BAA3-F20E3D1D4AAB}.Debug|Any CPU.ActiveCfg = Debug|Any CPU
		{568B4A08-6CD0-4684-BAA3-F20E3D1D4AAB}.Debug|Any CPU.Build.0 = Debug|Any CPU
		{568B4A08-6CD0-4684-BAA3-F20E3D1D4AAB}.Release|Any CPU.ActiveCfg = Release|Any CPU
		{568B4A08-6CD0-4684-BAA3-F20E3D1D4AAB}.Release|Any CPU.Build.0 = Release|Any CPU
		{2DE94496-9EA0-430F-B365-313F61B59494}.Debug|Any CPU.ActiveCfg = Debug|Any CPU
		{2DE94496-9EA0-430F-B365-313F61B59494}.Debug|Any CPU.Build.0 = Debug|Any CPU
		{2DE94496-9EA0-430F-B365-313F61B59494}.Release|Any CPU.ActiveCfg = Release|Any CPU
		{2DE94496-9EA0-430F-B365-313F61B59494}.Release|Any CPU.Build.0 = Release|Any CPU
	EndGlobalSection
	GlobalSection(SolutionProperties) = preSolution
		HideSolutionNode = FALSE
	EndGlobalSection
	GlobalSection(ExtensibilityGlobals) = postSolution
		SolutionGuid = {89E8643D-659B-42E3-A1DC-FDFC88466526}
	EndGlobalSection
EndGlobal
